
Microsoft Visual Studio Solution File, Format Version 12.00
# Visual Studio Version 16
VisualStudioVersion = 16.0.30413.136
MinimumVisualStudioVersion = 10.0.40219.1
Project("{FAE04EC0-301F-11D3-BF4B-00C04F79EFBC}") = "BoostBottonWpf", "BoostBottonWpf\BoostBottonWpf.csproj", "{2B9AA68C-822C-43CA-A090-AD38088F68C0}"
EndProject
Project("{C7167F0D-BC9F-4E6E-AFE1-012C56B48DB5}") = "BoostMode", "BoostMode\BoostMode.wapproj", "{D4EC40AB-1B02-42BD-8431-56A934ED94AD}"
EndProject
Global
	GlobalSection(SolutionConfigurationPlatforms) = preSolution
		All|Any CPU = All|Any CPU
		All|ARM = All|ARM
		All|ARM64 = All|ARM64
		All|x64 = All|x64
		All|x86 = All|x86
		BuildUwpAppX|Any CPU = BuildUwpAppX|Any CPU
		BuildUwpAppX|ARM = BuildUwpAppX|ARM
		BuildUwpAppX|ARM64 = BuildUwpAppX|ARM64
		BuildUwpAppX|x64 = BuildUwpAppX|x64
		BuildUwpAppX|x86 = BuildUwpAppX|x86
		Debug|Any CPU = Debug|Any CPU
		Debug|ARM = Debug|ARM
		Debug|ARM64 = Debug|ARM64
		Debug|x64 = Debug|x64
		Debug|x86 = Debug|x86
		Release|Any CPU = Release|Any CPU
		Release|ARM = Release|ARM
		Release|ARM64 = Release|ARM64
		Release|x64 = Release|x64
		Release|x86 = Release|x86
	EndGlobalSection
	GlobalSection(ProjectConfigurationPlatforms) = postSolution
		{2B9AA68C-822C-43CA-A090-AD38088F68C0}.All|Any CPU.ActiveCfg = Release|Any CPU
		{2B9AA68C-822C-43CA-A090-AD38088F68C0}.All|Any CPU.Build.0 = Release|Any CPU
		{2B9AA68C-822C-43CA-A090-AD38088F68C0}.All|ARM.ActiveCfg = Release|Any CPU
		{2B9AA68C-822C-43CA-A090-AD38088F68C0}.All|ARM.Build.0 = Release|Any CPU
		{2B9AA68C-822C-43CA-A090-AD38088F68C0}.All|ARM64.ActiveCfg = Release|Any CPU
		{2B9AA68C-822C-43CA-A090-AD38088F68C0}.All|ARM64.Build.0 = Release|Any CPU
		{2B9AA68C-822C-43CA-A090-AD38088F68C0}.All|x64.ActiveCfg = Release|Any CPU
		{2B9AA68C-822C-43CA-A090-AD38088F68C0}.All|x64.Build.0 = Release|Any CPU
		{2B9AA68C-822C-43CA-A090-AD38088F68C0}.All|x86.ActiveCfg = Release|Any CPU
		{2B9AA68C-822C-43CA-A090-AD38088F68C0}.All|x86.Build.0 = Release|Any CPU
		{2B9AA68C-822C-43CA-A090-AD38088F68C0}.BuildUwpAppX|Any CPU.ActiveCfg = Debug|Any CPU
		{2B9AA68C-822C-43CA-A090-AD38088F68C0}.BuildUwpAppX|Any CPU.Build.0 = Debug|Any CPU
		{2B9AA68C-822C-43CA-A090-AD38088F68C0}.BuildUwpAppX|ARM.ActiveCfg = Debug|Any CPU
		{2B9AA68C-822C-43CA-A090-AD38088F68C0}.BuildUwpAppX|ARM.Build.0 = Debug|Any CPU
		{2B9AA68C-822C-43CA-A090-AD38088F68C0}.BuildUwpAppX|ARM64.ActiveCfg = Debug|Any CPU
		{2B9AA68C-822C-43CA-A090-AD38088F68C0}.BuildUwpAppX|ARM64.Build.0 = Debug|Any CPU
		{2B9AA68C-822C-43CA-A090-AD38088F68C0}.BuildUwpAppX|x64.ActiveCfg = Debug|Any CPU
		{2B9AA68C-822C-43CA-A090-AD38088F68C0}.BuildUwpAppX|x64.Build.0 = Debug|Any CPU
		{2B9AA68C-822C-43CA-A090-AD38088F68C0}.BuildUwpAppX|x86.ActiveCfg = Debug|Any CPU
		{2B9AA68C-822C-43CA-A090-AD38088F68C0}.BuildUwpAppX|x86.Build.0 = Debug|Any CPU
		{2B9AA68C-822C-43CA-A090-AD38088F68C0}.Debug|Any CPU.ActiveCfg = Debug|Any CPU
		{2B9AA68C-822C-43CA-A090-AD38088F68C0}.Debug|Any CPU.Build.0 = Debug|Any CPU
		{2B9AA68C-822C-43CA-A090-AD38088F68C0}.Debug|ARM.ActiveCfg = Debug|Any CPU
		{2B9AA68C-822C-43CA-A090-AD38088F68C0}.Debug|ARM.Build.0 = Debug|Any CPU
		{2B9AA68C-822C-43CA-A090-AD38088F68C0}.Debug|ARM64.ActiveCfg = Debug|Any CPU
		{2B9AA68C-822C-43CA-A090-AD38088F68C0}.Debug|ARM64.Build.0 = Debug|Any CPU
		{2B9AA68C-822C-43CA-A090-AD38088F68C0}.Debug|x64.ActiveCfg = Debug|Any CPU
		{2B9AA68C-822C-43CA-A090-AD38088F68C0}.Debug|x64.Build.0 = Debug|Any CPU
		{2B9AA68C-822C-43CA-A090-AD38088F68C0}.Debug|x86.ActiveCfg = Debug|Any CPU
		{2B9AA68C-822C-43CA-A090-AD38088F68C0}.Debug|x86.Build.0 = Debug|Any CPU
		{2B9AA68C-822C-43CA-A090-AD38088F68C0}.Release|Any CPU.ActiveCfg = Release|Any CPU
		{2B9AA68C-822C-43CA-A090-AD38088F68C0}.Release|Any CPU.Build.0 = Release|Any CPU
		{2B9AA68C-822C-43CA-A090-AD38088F68C0}.Release|ARM.ActiveCfg = Release|Any CPU
		{2B9AA68C-822C-43CA-A090-AD38088F68C0}.Release|ARM.Build.0 = Release|Any CPU
		{2B9AA68C-822C-43CA-A090-AD38088F68C0}.Release|ARM64.ActiveCfg = Release|Any CPU
		{2B9AA68C-822C-43CA-A090-AD38088F68C0}.Release|ARM64.Build.0 = Release|Any CPU
		{2B9AA68C-822C-43CA-A090-AD38088F68C0}.Release|x64.ActiveCfg = Release|x64
		{2B9AA68C-822C-43CA-A090-AD38088F68C0}.Release|x64.Build.0 = Release|x64
		{2B9AA68C-822C-43CA-A090-AD38088F68C0}.Release|x86.ActiveCfg = Release|x86
		{2B9AA68C-822C-43CA-A090-AD38088F68C0}.Release|x86.Build.0 = Release|x86
		{D4EC40AB-1B02-42BD-8431-56A934ED94AD}.All|Any CPU.ActiveCfg = Release|Any CPU
		{D4EC40AB-1B02-42BD-8431-56A934ED94AD}.All|Any CPU.Build.0 = Release|Any CPU
		{D4EC40AB-1B02-42BD-8431-56A934ED94AD}.All|Any CPU.Deploy.0 = Release|Any CPU
		{D4EC40AB-1B02-42BD-8431-56A934ED94AD}.All|ARM.ActiveCfg = Release|ARM
		{D4EC40AB-1B02-42BD-8431-56A934ED94AD}.All|ARM.Build.0 = Release|ARM
		{D4EC40AB-1B02-42BD-8431-56A934ED94AD}.All|ARM.Deploy.0 = Release|ARM
		{D4EC40AB-1B02-42BD-8431-56A934ED94AD}.All|ARM64.ActiveCfg = Release|ARM64
		{D4EC40AB-1B02-42BD-8431-56A934ED94AD}.All|ARM64.Build.0 = Release|ARM64
		{D4EC40AB-1B02-42BD-8431-56A934ED94AD}.All|ARM64.Deploy.0 = Release|ARM64
		{D4EC40AB-1B02-42BD-8431-56A934ED94AD}.All|x64.ActiveCfg = Release|x64
		{D4EC40AB-1B02-42BD-8431-56A934ED94AD}.All|x64.Build.0 = Release|x64
		{D4EC40AB-1B02-42BD-8431-56A934ED94AD}.All|x64.Deploy.0 = Release|x64
		{D4EC40AB-1B02-42BD-8431-56A934ED94AD}.All|x86.ActiveCfg = Release|x86
		{D4EC40AB-1B02-42BD-8431-56A934ED94AD}.All|x86.Build.0 = Release|x86
		{D4EC40AB-1B02-42BD-8431-56A934ED94AD}.All|x86.Deploy.0 = Release|x86
		{D4EC40AB-1B02-42BD-8431-56A934ED94AD}.BuildUwpAppX|Any CPU.ActiveCfg = Debug|Any CPU
		{D4EC40AB-1B02-42BD-8431-56A934ED94AD}.BuildUwpAppX|Any CPU.Build.0 = Debug|Any CPU
		{D4EC40AB-1B02-42BD-8431-56A934ED94AD}.BuildUwpAppX|Any CPU.Deploy.0 = Debug|Any CPU
		{D4EC40AB-1B02-42BD-8431-56A934ED94AD}.BuildUwpAppX|ARM.ActiveCfg = Debug|ARM
		{D4EC40AB-1B02-42BD-8431-56A934ED94AD}.BuildUwpAppX|ARM.Build.0 = Debug|ARM
		{D4EC40AB-1B02-42BD-8431-56A934ED94AD}.BuildUwpAppX|ARM.Deploy.0 = Debug|ARM
		{D4EC40AB-1B02-42BD-8431-56A934ED94AD}.BuildUwpAppX|ARM64.ActiveCfg = Debug|ARM64
		{D4EC40AB-1B02-42BD-8431-56A934ED94AD}.BuildUwpAppX|ARM64.Build.0 = Debug|ARM64
		{D4EC40AB-1B02-42BD-8431-56A934ED94AD}.BuildUwpAppX|ARM64.Deploy.0 = Debug|ARM64
		{D4EC40AB-1B02-42BD-8431-56A934ED94AD}.BuildUwpAppX|x64.ActiveCfg = Debug|x64
		{D4EC40AB-1B02-42BD-8431-56A934ED94AD}.BuildUwpAppX|x64.Build.0 = Debug|x64
		{D4EC40AB-1B02-42BD-8431-56A934ED94AD}.BuildUwpAppX|x64.Deploy.0 = Debug|x64
		{D4EC40AB-1B02-42BD-8431-56A934ED94AD}.BuildUwpAppX|x86.ActiveCfg = Debug|x86
		{D4EC40AB-1B02-42BD-8431-56A934ED94AD}.BuildUwpAppX|x86.Build.0 = Debug|x86
		{D4EC40AB-1B02-42BD-8431-56A934ED94AD}.BuildUwpAppX|x86.Deploy.0 = Debug|x86
		{D4EC40AB-1B02-42BD-8431-56A934ED94AD}.Debug|Any CPU.ActiveCfg = Debug|Any CPU
		{D4EC40AB-1B02-42BD-8431-56A934ED94AD}.Debug|Any CPU.Build.0 = Debug|Any CPU
		{D4EC40AB-1B02-42BD-8431-56A934ED94AD}.Debug|Any CPU.Deploy.0 = Debug|Any CPU
		{D4EC40AB-1B02-42BD-8431-56A934ED94AD}.Debug|ARM.ActiveCfg = Debug|ARM
		{D4EC40AB-1B02-42BD-8431-56A934ED94AD}.Debug|ARM.Build.0 = Debug|ARM
		{D4EC40AB-1B02-42BD-8431-56A934ED94AD}.Debug|ARM.Deploy.0 = Debug|ARM
		{D4EC40AB-1B02-42BD-8431-56A934ED94AD}.Debug|ARM64.ActiveCfg = Debug|ARM64
		{D4EC40AB-1B02-42BD-8431-56A934ED94AD}.Debug|ARM64.Build.0 = Debug|ARM64
		{D4EC40AB-1B02-42BD-8431-56A934ED94AD}.Debug|ARM64.Deploy.0 = Debug|ARM64
		{D4EC40AB-1B02-42BD-8431-56A934ED94AD}.Debug|x64.ActiveCfg = Debug|Any CPU
		{D4EC40AB-1B02-42BD-8431-56A934ED94AD}.Debug|x64.Build.0 = Debug|Any CPU
		{D4EC40AB-1B02-42BD-8431-56A934ED94AD}.Debug|x64.Deploy.0 = Debug|Any CPU
		{D4EC40AB-1B02-42BD-8431-56A934ED94AD}.Debug|x86.ActiveCfg = Debug|x86
		{D4EC40AB-1B02-42BD-8431-56A934ED94AD}.Debug|x86.Build.0 = Debug|x86
		{D4EC40AB-1B02-42BD-8431-56A934ED94AD}.Debug|x86.Deploy.0 = Debug|x86
		{D4EC40AB-1B02-42BD-8431-56A934ED94AD}.Release|Any CPU.ActiveCfg = Release|Any CPU
		{D4EC40AB-1B02-42BD-8431-56A934ED94AD}.Release|Any CPU.Build.0 = Release|Any CPU
		{D4EC40AB-1B02-42BD-8431-56A934ED94AD}.Release|Any CPU.Deploy.0 = Release|Any CPU
		{D4EC40AB-1B02-42BD-8431-56A934ED94AD}.Release|ARM.ActiveCfg = Release|ARM
		{D4EC40AB-1B02-42BD-8431-56A934ED94AD}.Release|ARM.Build.0 = Release|ARM
		{D4EC40AB-1B02-42BD-8431-56A934ED94AD}.Release|ARM.Deploy.0 = Release|ARM
		{D4EC40AB-1B02-42BD-8431-56A934ED94AD}.Release|ARM64.ActiveCfg = Release|ARM64
		{D4EC40AB-1B02-42BD-8431-56A934ED94AD}.Release|ARM64.Build.0 = Release|ARM64
		{D4EC40AB-1B02-42BD-8431-56A934ED94AD}.Release|ARM64.Deploy.0 = Release|ARM64
		{D4EC40AB-1B02-42BD-8431-56A934ED94AD}.Release|x64.ActiveCfg = Release|x64
		{D4EC40AB-1B02-42BD-8431-56A934ED94AD}.Release|x64.Build.0 = Release|x64
		{D4EC40AB-1B02-42BD-8431-56A934ED94AD}.Release|x64.Deploy.0 = Release|x64
		{D4EC40AB-1B02-42BD-8431-56A934ED94AD}.Release|x86.ActiveCfg = Release|x86
		{D4EC40AB-1B02-42BD-8431-56A934ED94AD}.Release|x86.Build.0 = Release|x86
		{D4EC40AB-1B02-42BD-8431-56A934ED94AD}.Release|x86.Deploy.0 = Release|x86
	EndGlobalSection
	GlobalSection(SolutionProperties) = preSolution
		HideSolutionNode = FALSE
	EndGlobalSection
	GlobalSection(ExtensibilityGlobals) = postSolution
		SolutionGuid = {EDFCDDE3-649D-49FE-97D5-AD98298921DA}
	EndGlobalSection
EndGlobal
